
Microsoft Visual Studio Solution File, Format Version 12.00
# Visual Studio Version 17
VisualStudioVersion = 17.11.35303.130
MinimumVisualStudioVersion = 10.0.40219.1
Project("{FAE04EC0-301F-11D3-BF4B-00C04F79EFBC}") = "Parcial2", "Parcial2.csproj", "{DE6017EE-2CB7-4E36-8DBA-EF16FA26EAF3}"
EndProject
Global
	GlobalSection(SolutionConfigurationPlatforms) = preSolution
		Debug|Any CPU = Debug|Any CPU
		Release|Any CPU = Release|Any CPU
	EndGlobalSection
	GlobalSection(ProjectConfigurationPlatforms) = postSolution
		{DE6017EE-2CB7-4E36-8DBA-EF16FA26EAF3}.Debug|Any CPU.ActiveCfg = Debug|Any CPU
		{DE6017EE-2CB7-4E36-8DBA-EF16FA26EAF3}.Debug|Any CPU.Build.0 = Debug|Any CPU
		{DE6017EE-2CB7-4E36-8DBA-EF16FA26EAF3}.Release|Any CPU.ActiveCfg = Release|Any CPU
		{DE6017EE-2CB7-4E36-8DBA-EF16FA26EAF3}.Release|Any CPU.Build.0 = Release|Any CPU
	EndGlobalSection
	GlobalSection(SolutionProperties) = preSolution
		HideSolutionNode = FALSE
	EndGlobalSection
	GlobalSection(ExtensibilityGlobals) = postSolution
		SolutionGuid = {505D0406-7F6C-4BE1-80C9-954B3A7B3CD7}
	EndGlobalSection
EndGlobal
